
Microsoft Visual Studio Solution File, Format Version 12.00
# Visual Studio Version 17
VisualStudioVersion = 17.5.2.0
MinimumVisualStudioVersion = 10.0.40219.1
Project("{FAE04EC0-301F-11D3-BF4B-00C04F79EFBC}") = "ConsoleApp1", "ConsoleApp1\ConsoleApp1.csproj", "{5B68813F-23C2-8DF2-1B1F-9033A2893F62}"
EndProject
Project("{FAE04EC0-301F-11D3-BF4B-00C04F79EFBC}") = "Introduction - Adam", "Introduction - Adam\Introduction - Adam.csproj", "{6EDB3B4F-A5AB-4F34-98E8-955F66B9A5E7}"
EndProject
Project("{FAE04EC0-301F-11D3-BF4B-00C04F79EFBC}") = "Selection tasks", "Selection tasks\Selection tasks.csproj", "{4FF5CB7F-6484-48DB-A5F9-82C483E2BF14}"
EndProject
Global
	GlobalSection(SolutionConfigurationPlatforms) = preSolution
		Debug|Any CPU = Debug|Any CPU
		Debug|x64 = Debug|x64
		Debug|x86 = Debug|x86
		Release|Any CPU = Release|Any CPU
		Release|x64 = Release|x64
		Release|x86 = Release|x86
	EndGlobalSection
	GlobalSection(ProjectConfigurationPlatforms) = postSolution
		{5B68813F-23C2-8DF2-1B1F-9033A2893F62}.Debug|Any CPU.ActiveCfg = Debug|Any CPU
		{5B68813F-23C2-8DF2-1B1F-9033A2893F62}.Debug|Any CPU.Build.0 = Debug|Any CPU
		{5B68813F-23C2-8DF2-1B1F-9033A2893F62}.Debug|x64.ActiveCfg = Debug|Any CPU
		{5B68813F-23C2-8DF2-1B1F-9033A2893F62}.Debug|x64.Build.0 = Debug|Any CPU
		{5B68813F-23C2-8DF2-1B1F-9033A2893F62}.Debug|x86.ActiveCfg = Debug|Any CPU
		{5B68813F-23C2-8DF2-1B1F-9033A2893F62}.Debug|x86.Build.0 = Debug|Any CPU
		{5B68813F-23C2-8DF2-1B1F-9033A2893F62}.Release|Any CPU.ActiveCfg = Release|Any CPU
		{5B68813F-23C2-8DF2-1B1F-9033A2893F62}.Release|Any CPU.Build.0 = Release|Any CPU
		{5B68813F-23C2-8DF2-1B1F-9033A2893F62}.Release|x64.ActiveCfg = Release|Any CPU
		{5B68813F-23C2-8DF2-1B1F-9033A2893F62}.Release|x64.Build.0 = Release|Any CPU
		{5B68813F-23C2-8DF2-1B1F-9033A2893F62}.Release|x86.ActiveCfg = Release|Any CPU
		{5B68813F-23C2-8DF2-1B1F-9033A2893F62}.Release|x86.Build.0 = Release|Any CPU
		{6EDB3B4F-A5AB-4F34-98E8-955F66B9A5E7}.Debug|Any CPU.ActiveCfg = Debug|Any CPU
		{6EDB3B4F-A5AB-4F34-98E8-955F66B9A5E7}.Debug|Any CPU.Build.0 = Debug|Any CPU
		{6EDB3B4F-A5AB-4F34-98E8-955F66B9A5E7}.Debug|x64.ActiveCfg = Debug|Any CPU
		{6EDB3B4F-A5AB-4F34-98E8-955F66B9A5E7}.Debug|x64.Build.0 = Debug|Any CPU
		{6EDB3B4F-A5AB-4F34-98E8-955F66B9A5E7}.Debug|x86.ActiveCfg = Debug|Any CPU
		{6EDB3B4F-A5AB-4F34-98E8-955F66B9A5E7}.Debug|x86.Build.0 = Debug|Any CPU
		{6EDB3B4F-A5AB-4F34-98E8-955F66B9A5E7}.Release|Any CPU.ActiveCfg = Release|Any CPU
		{6EDB3B4F-A5AB-4F34-98E8-955F66B9A5E7}.Release|Any CPU.Build.0 = Release|Any CPU
		{6EDB3B4F-A5AB-4F34-98E8-955F66B9A5E7}.Release|x64.ActiveCfg = Release|Any CPU
		{6EDB3B4F-A5AB-4F34-98E8-955F66B9A5E7}.Release|x64.Build.0 = Release|Any CPU
		{6EDB3B4F-A5AB-4F34-98E8-955F66B9A5E7}.Release|x86.ActiveCfg = Release|Any CPU
		{6EDB3B4F-A5AB-4F34-98E8-955F66B9A5E7}.Release|x86.Build.0 = Release|Any CPU
		{4FF5CB7F-6484-48DB-A5F9-82C483E2BF14}.Debug|Any CPU.ActiveCfg = Debug|Any CPU
		{4FF5CB7F-6484-48DB-A5F9-82C483E2BF14}.Debug|Any CPU.Build.0 = Debug|Any CPU
		{4FF5CB7F-6484-48DB-A5F9-82C483E2BF14}.Debug|x64.ActiveCfg = Debug|Any CPU
		{4FF5CB7F-6484-48DB-A5F9-82C483E2BF14}.Debug|x64.Build.0 = Debug|Any CPU
		{4FF5CB7F-6484-48DB-A5F9-82C483E2BF14}.Debug|x86.ActiveCfg = Debug|Any CPU
		{4FF5CB7F-6484-48DB-A5F9-82C483E2BF14}.Debug|x86.Build.0 = Debug|Any CPU
		{4FF5CB7F-6484-48DB-A5F9-82C483E2BF14}.Release|Any CPU.ActiveCfg = Release|Any CPU
		{4FF5CB7F-6484-48DB-A5F9-82C483E2BF14}.Release|Any CPU.Build.0 = Release|Any CPU
		{4FF5CB7F-6484-48DB-A5F9-82C483E2BF14}.Release|x64.ActiveCfg = Release|Any CPU
		{4FF5CB7F-6484-48DB-A5F9-82C483E2BF14}.Release|x64.Build.0 = Release|Any CPU
		{4FF5CB7F-6484-48DB-A5F9-82C483E2BF14}.Release|x86.ActiveCfg = Release|Any CPU
		{4FF5CB7F-6484-48DB-A5F9-82C483E2BF14}.Release|x86.Build.0 = Release|Any CPU
	EndGlobalSection
	GlobalSection(SolutionProperties) = preSolution
		HideSolutionNode = FALSE
	EndGlobalSection
	GlobalSection(ExtensibilityGlobals) = postSolution
		SolutionGuid = {3F9FBB91-DFE7-4D28-8287-D3F0EFBC3107}
	EndGlobalSection
EndGlobal
