Microsoft Visual Studio Solution File, Format Version 12.00
# Visual Studio Version 17
VisualStudioVersion = 17.5.2.0
MinimumVisualStudioVersion = 10.0.40219.1
Project("{FAE04EC0-301F-11D3-BF4B-00C04F79EFBC}") = "Introduction - Adam", "Introduction - Adam.csproj", "{B955E935-F35C-4239-882C-C481F90F6695}"
EndProject
Global
	GlobalSection(SolutionConfigurationPlatforms) = preSolution
		Debug|Any CPU = Debug|Any CPU
		Release|Any CPU = Release|Any CPU
	EndGlobalSection
	GlobalSection(ProjectConfigurationPlatforms) = postSolution
		{B955E935-F35C-4239-882C-C481F90F6695}.Debug|Any CPU.ActiveCfg = Debug|Any CPU
		{B955E935-F35C-4239-882C-C481F90F6695}.Debug|Any CPU.Build.0 = Debug|Any CPU
		{B955E935-F35C-4239-882C-C481F90F6695}.Release|Any CPU.ActiveCfg = Release|Any CPU
		{B955E935-F35C-4239-882C-C481F90F6695}.Release|Any CPU.Build.0 = Release|Any CPU
	EndGlobalSection
	GlobalSection(SolutionProperties) = preSolution
		HideSolutionNode = FALSE
	EndGlobalSection
	GlobalSection(ExtensibilityGlobals) = postSolution
		SolutionGuid = {1DB263D5-7C4E-463B-B759-0A107E95062F}
	EndGlobalSection
EndGlobal
