Microsoft Visual Studio Solution File, Format Version 12.00
# Visual Studio Version 17
VisualStudioVersion = 17.5.2.0
MinimumVisualStudioVersion = 10.0.40219.1
Project("{FAE04EC0-301F-11D3-BF4B-00C04F79EFBC}") = "functions practice", "functions practice.csproj", "{3DE126A9-656A-D1B8-3C7D-DCC801492C91}"
EndProject
Global
	GlobalSection(SolutionConfigurationPlatforms) = preSolution
		Debug|Any CPU = Debug|Any CPU
		Release|Any CPU = Release|Any CPU
	EndGlobalSection
	GlobalSection(ProjectConfigurationPlatforms) = postSolution
		{3DE126A9-656A-D1B8-3C7D-DCC801492C91}.Debug|Any CPU.ActiveCfg = Debug|Any CPU
		{3DE126A9-656A-D1B8-3C7D-DCC801492C91}.Debug|Any CPU.Build.0 = Debug|Any CPU
		{3DE126A9-656A-D1B8-3C7D-DCC801492C91}.Release|Any CPU.ActiveCfg = Release|Any CPU
		{3DE126A9-656A-D1B8-3C7D-DCC801492C91}.Release|Any CPU.Build.0 = Release|Any CPU
	EndGlobalSection
	GlobalSection(SolutionProperties) = preSolution
		HideSolutionNode = FALSE
	EndGlobalSection
	GlobalSection(ExtensibilityGlobals) = postSolution
		SolutionGuid = {8C031664-9A8F-4885-B622-AAB17E9BDEA6}
	EndGlobalSection
EndGlobal
